
Microsoft Visual Studio Solution File, Format Version 12.00
# Visual Studio Version 17
VisualStudioVersion = 17.9.34701.34
MinimumVisualStudioVersion = 10.0.40219.1
Project("{FAE04EC0-301F-11D3-BF4B-00C04F79EFBC}") = "DesignPatterns3", "DesignPatterns3\DesignPatterns3.csproj", "{2C7AE045-57C9-4C8F-B25A-DDC4C52B98AB}"
EndProject
Global
	GlobalSection(SolutionConfigurationPlatforms) = preSolution
		Debug|Any CPU = Debug|Any CPU
		Release|Any CPU = Release|Any CPU
	EndGlobalSection
	GlobalSection(ProjectConfigurationPlatforms) = postSolution
		{2C7AE045-57C9-4C8F-B25A-DDC4C52B98AB}.Debug|Any CPU.ActiveCfg = Debug|Any CPU
		{2C7AE045-57C9-4C8F-B25A-DDC4C52B98AB}.Debug|Any CPU.Build.0 = Debug|Any CPU
		{2C7AE045-57C9-4C8F-B25A-DDC4C52B98AB}.Release|Any CPU.ActiveCfg = Release|Any CPU
		{2C7AE045-57C9-4C8F-B25A-DDC4C52B98AB}.Release|Any CPU.Build.0 = Release|Any CPU
	EndGlobalSection
	GlobalSection(SolutionProperties) = preSolution
		HideSolutionNode = FALSE
	EndGlobalSection
	GlobalSection(ExtensibilityGlobals) = postSolution
		SolutionGuid = {FCBD1CDD-FA0D-4A92-999D-9FF7015A349E}
	EndGlobalSection
EndGlobal
